
Microsoft Visual Studio Solution File, Format Version 12.00
# Visual Studio Version 17
VisualStudioVersion = 17.1.32414.318
MinimumVisualStudioVersion = 10.0.40219.1
Project("{FAE04EC0-301F-11D3-BF4B-00C04F79EFBC}") = "Interfaz Automovil.", "..\Interfaz Automovil\Interfaz Automovil..csproj", "{7BDF5519-698F-4348-B909-762686CD1BA4}"
EndProject
Global
	GlobalSection(SolutionConfigurationPlatforms) = preSolution
		Debug|Any CPU = Debug|Any CPU
		Release|Any CPU = Release|Any CPU
	EndGlobalSection
	GlobalSection(ProjectConfigurationPlatforms) = postSolution
		{7BDF5519-698F-4348-B909-762686CD1BA4}.Debug|Any CPU.ActiveCfg = Debug|Any CPU
		{7BDF5519-698F-4348-B909-762686CD1BA4}.Debug|Any CPU.Build.0 = Debug|Any CPU
		{7BDF5519-698F-4348-B909-762686CD1BA4}.Release|Any CPU.ActiveCfg = Release|Any CPU
		{7BDF5519-698F-4348-B909-762686CD1BA4}.Release|Any CPU.Build.0 = Release|Any CPU
	EndGlobalSection
	GlobalSection(SolutionProperties) = preSolution
		HideSolutionNode = FALSE
	EndGlobalSection
	GlobalSection(ExtensibilityGlobals) = postSolution
		SolutionGuid = {65B4F4BC-993A-46EA-AC67-73019E8E1C68}
	EndGlobalSection
EndGlobal
